
Microsoft Visual Studio Solution File, Format Version 12.00
# Visual Studio Version 17
VisualStudioVersion = 17.11.35208.52
MinimumVisualStudioVersion = 10.0.40219.1
Project("{FAE04EC0-301F-11D3-BF4B-00C04F79EFBC}") = "OOPWEEK2EXCEPTIONS", "OOPWEEK2EXCEPTIONS\OOPWEEK2EXCEPTIONS.csproj", "{3C5A0040-8305-4D71-AC1B-CAB9CAE27DCF}"
EndProject
Global
	GlobalSection(SolutionConfigurationPlatforms) = preSolution
		Debug|Any CPU = Debug|Any CPU
		Release|Any CPU = Release|Any CPU
	EndGlobalSection
	GlobalSection(ProjectConfigurationPlatforms) = postSolution
		{3C5A0040-8305-4D71-AC1B-CAB9CAE27DCF}.Debug|Any CPU.ActiveCfg = Debug|Any CPU
		{3C5A0040-8305-4D71-AC1B-CAB9CAE27DCF}.Debug|Any CPU.Build.0 = Debug|Any CPU
		{3C5A0040-8305-4D71-AC1B-CAB9CAE27DCF}.Release|Any CPU.ActiveCfg = Release|Any CPU
		{3C5A0040-8305-4D71-AC1B-CAB9CAE27DCF}.Release|Any CPU.Build.0 = Release|Any CPU
	EndGlobalSection
	GlobalSection(SolutionProperties) = preSolution
		HideSolutionNode = FALSE
	EndGlobalSection
	GlobalSection(ExtensibilityGlobals) = postSolution
		SolutionGuid = {1BEDA2D5-073B-4429-B07A-9F4984E4101E}
	EndGlobalSection
EndGlobal
